
Microsoft Visual Studio Solution File, Format Version 12.00
# Visual Studio Version 17
VisualStudioVersion = 17.3.32825.248
MinimumVisualStudioVersion = 10.0.40219.1
Project("{FAE04EC0-301F-11D3-BF4B-00C04F79EFBC}") = "NZWalks.API", "NZWalks.API\NZWalks.API.csproj", "{19BE5C91-A060-4666-BA5A-824109C774AB}"
EndProject
Global
	GlobalSection(SolutionConfigurationPlatforms) = preSolution
		Debug|Any CPU = Debug|Any CPU
		Release|Any CPU = Release|Any CPU
	EndGlobalSection
	GlobalSection(ProjectConfigurationPlatforms) = postSolution
		{19BE5C91-A060-4666-BA5A-824109C774AB}.Debug|Any CPU.ActiveCfg = Debug|Any CPU
		{19BE5C91-A060-4666-BA5A-824109C774AB}.Debug|Any CPU.Build.0 = Debug|Any CPU
		{19BE5C91-A060-4666-BA5A-824109C774AB}.Release|Any CPU.ActiveCfg = Release|Any CPU
		{19BE5C91-A060-4666-BA5A-824109C774AB}.Release|Any CPU.Build.0 = Release|Any CPU
	EndGlobalSection
	GlobalSection(SolutionProperties) = preSolution
		HideSolutionNode = FALSE
	EndGlobalSection
	GlobalSection(ExtensibilityGlobals) = postSolution
		SolutionGuid = {05F726E0-7781-445E-B9FA-9C5ED0284DCA}
	EndGlobalSection
EndGlobal
